
Microsoft Visual Studio Solution File, Format Version 12.00
# Visual Studio 14
VisualStudioVersion = 14.0.25420.1
MinimumVisualStudioVersion = 10.0.40219.1
Project("{FAE04EC0-301F-11D3-BF4B-00C04F79EFBC}") = "ECommerceAp.Droid", "ECommerceAp\ECommerceAp.Droid\ECommerceAp.Droid.csproj", "{AD3CF481-938D-4D77-BD0E-3EC8AD054F1F}"
EndProject
Project("{FAE04EC0-301F-11D3-BF4B-00C04F79EFBC}") = "ECommerceAp.iOS", "ECommerceAp\ECommerceAp.iOS\ECommerceAp.iOS.csproj", "{0FF6B270-5962-4F9F-A98F-9655120C1F1A}"
EndProject
Project("{FAE04EC0-301F-11D3-BF4B-00C04F79EFBC}") = "ECommerceAp.WinPhone", "ECommerceAp\ECommerceAp.WinPhone\ECommerceAp.WinPhone.csproj", "{C259A6B6-F4A4-403C-8094-49F95FE4901A}"
EndProject
Project("{FAE04EC0-301F-11D3-BF4B-00C04F79EFBC}") = "ECommerceAp.UWP", "ECommerceAp\ECommerceAp.UWP\ECommerceAp.UWP.csproj", "{CC430361-9DB1-45D4-AF2D-7701ECEC4DA8}"
EndProject
Project("{FAE04EC0-301F-11D3-BF4B-00C04F79EFBC}") = "ECommerceAp.Windows", "ECommerceAp\ECommerceAp.Windows\ECommerceAp.Windows.csproj", "{6527D8AE-9EF7-4FD9-8CBE-8A236F7A1D48}"
EndProject
Project("{FAE04EC0-301F-11D3-BF4B-00C04F79EFBC}") = "ECommerceAp", "ECommerceAp\ECommerceAp\ECommerceAp.csproj", "{5DDDFB0D-A885-4D10-938E-9FEB823202DD}"
EndProject
Global
	GlobalSection(SolutionConfigurationPlatforms) = preSolution
		Ad-Hoc|Any CPU = Ad-Hoc|Any CPU
		Ad-Hoc|ARM = Ad-Hoc|ARM
		Ad-Hoc|iPhone = Ad-Hoc|iPhone
		Ad-Hoc|iPhoneSimulator = Ad-Hoc|iPhoneSimulator
		Ad-Hoc|x64 = Ad-Hoc|x64
		Ad-Hoc|x86 = Ad-Hoc|x86
		AppStore|Any CPU = AppStore|Any CPU
		AppStore|ARM = AppStore|ARM
		AppStore|iPhone = AppStore|iPhone
		AppStore|iPhoneSimulator = AppStore|iPhoneSimulator
		AppStore|x64 = AppStore|x64
		AppStore|x86 = AppStore|x86
		Debug|Any CPU = Debug|Any CPU
		Debug|ARM = Debug|ARM
		Debug|iPhone = Debug|iPhone
		Debug|iPhoneSimulator = Debug|iPhoneSimulator
		Debug|x64 = Debug|x64
		Debug|x86 = Debug|x86
		Release|Any CPU = Release|Any CPU
		Release|ARM = Release|ARM
		Release|iPhone = Release|iPhone
		Release|iPhoneSimulator = Release|iPhoneSimulator
		Release|x64 = Release|x64
		Release|x86 = Release|x86
	EndGlobalSection
	GlobalSection(ProjectConfigurationPlatforms) = postSolution
		{AD3CF481-938D-4D77-BD0E-3EC8AD054F1F}.Ad-Hoc|Any CPU.ActiveCfg = Release|Any CPU
		{AD3CF481-938D-4D77-BD0E-3EC8AD054F1F}.Ad-Hoc|Any CPU.Build.0 = Release|Any CPU
		{AD3CF481-938D-4D77-BD0E-3EC8AD054F1F}.Ad-Hoc|Any CPU.Deploy.0 = Release|Any CPU
		{AD3CF481-938D-4D77-BD0E-3EC8AD054F1F}.Ad-Hoc|ARM.ActiveCfg = Release|Any CPU
		{AD3CF481-938D-4D77-BD0E-3EC8AD054F1F}.Ad-Hoc|ARM.Build.0 = Release|Any CPU
		{AD3CF481-938D-4D77-BD0E-3EC8AD054F1F}.Ad-Hoc|ARM.Deploy.0 = Release|Any CPU
		{AD3CF481-938D-4D77-BD0E-3EC8AD054F1F}.Ad-Hoc|iPhone.ActiveCfg = Release|Any CPU
		{AD3CF481-938D-4D77-BD0E-3EC8AD054F1F}.Ad-Hoc|iPhone.Build.0 = Release|Any CPU
		{AD3CF481-938D-4D77-BD0E-3EC8AD054F1F}.Ad-Hoc|iPhone.Deploy.0 = Release|Any CPU
		{AD3CF481-938D-4D77-BD0E-3EC8AD054F1F}.Ad-Hoc|iPhoneSimulator.ActiveCfg = Release|Any CPU
		{AD3CF481-938D-4D77-BD0E-3EC8AD054F1F}.Ad-Hoc|iPhoneSimulator.Build.0 = Release|Any CPU
		{AD3CF481-938D-4D77-BD0E-3EC8AD054F1F}.Ad-Hoc|iPhoneSimulator.Deploy.0 = Release|Any CPU
		{AD3CF481-938D-4D77-BD0E-3EC8AD054F1F}.Ad-Hoc|x64.ActiveCfg = Release|Any CPU
		{AD3CF481-938D-4D77-BD0E-3EC8AD054F1F}.Ad-Hoc|x64.Build.0 = Release|Any CPU
		{AD3CF481-938D-4D77-BD0E-3EC8AD054F1F}.Ad-Hoc|x64.Deploy.0 = Release|Any CPU
		{AD3CF481-938D-4D77-BD0E-3EC8AD054F1F}.Ad-Hoc|x86.ActiveCfg = Release|Any CPU
		{AD3CF481-938D-4D77-BD0E-3EC8AD054F1F}.Ad-Hoc|x86.Build.0 = Release|Any CPU
		{AD3CF481-938D-4D77-BD0E-3EC8AD054F1F}.Ad-Hoc|x86.Deploy.0 = Release|Any CPU
		{AD3CF481-938D-4D77-BD0E-3EC8AD054F1F}.AppStore|Any CPU.ActiveCfg = Release|Any CPU
		{AD3CF481-938D-4D77-BD0E-3EC8AD054F1F}.AppStore|Any CPU.Build.0 = Release|Any CPU
		{AD3CF481-938D-4D77-BD0E-3EC8AD054F1F}.AppStore|Any CPU.Deploy.0 = Release|Any CPU
		{AD3CF481-938D-4D77-BD0E-3EC8AD054F1F}.AppStore|ARM.ActiveCfg = Release|Any CPU
		{AD3CF481-938D-4D77-BD0E-3EC8AD054F1F}.AppStore|ARM.Build.0 = Release|Any CPU
		{AD3CF481-938D-4D77-BD0E-3EC8AD054F1F}.AppStore|ARM.Deploy.0 = Release|Any CPU
		{AD3CF481-938D-4D77-BD0E-3EC8AD054F1F}.AppStore|iPhone.ActiveCfg = Release|Any CPU
		{AD3CF481-938D-4D77-BD0E-3EC8AD054F1F}.AppStore|iPhone.Build.0 = Release|Any CPU
		{AD3CF481-938D-4D77-BD0E-3EC8AD054F1F}.AppStore|iPhone.Deploy.0 = Release|Any CPU
		{AD3CF481-938D-4D77-BD0E-3EC8AD054F1F}.AppStore|iPhoneSimulator.ActiveCfg = Release|Any CPU
		{AD3CF481-938D-4D77-BD0E-3EC8AD054F1F}.AppStore|iPhoneSimulator.Build.0 = Release|Any CPU
		{AD3CF481-938D-4D77-BD0E-3EC8AD054F1F}.AppStore|iPhoneSimulator.Deploy.0 = Release|Any CPU
		{AD3CF481-938D-4D77-BD0E-3EC8AD054F1F}.AppStore|x64.ActiveCfg = Release|Any CPU
		{AD3CF481-938D-4D77-BD0E-3EC8AD054F1F}.AppStore|x64.Build.0 = Release|Any CPU
		{AD3CF481-938D-4D77-BD0E-3EC8AD054F1F}.AppStore|x64.Deploy.0 = Release|Any CPU
		{AD3CF481-938D-4D77-BD0E-3EC8AD054F1F}.AppStore|x86.ActiveCfg = Release|Any CPU
		{AD3CF481-938D-4D77-BD0E-3EC8AD054F1F}.AppStore|x86.Build.0 = Release|Any CPU
		{AD3CF481-938D-4D77-BD0E-3EC8AD054F1F}.AppStore|x86.Deploy.0 = Release|Any CPU
		{AD3CF481-938D-4D77-BD0E-3EC8AD054F1F}.Debug|Any CPU.ActiveCfg = Debug|Any CPU
		{AD3CF481-938D-4D77-BD0E-3EC8AD054F1F}.Debug|Any CPU.Build.0 = Debug|Any CPU
		{AD3CF481-938D-4D77-BD0E-3EC8AD054F1F}.Debug|Any CPU.Deploy.0 = Debug|Any CPU
		{AD3CF481-938D-4D77-BD0E-3EC8AD054F1F}.Debug|ARM.ActiveCfg = Debug|Any CPU
		{AD3CF481-938D-4D77-BD0E-3EC8AD054F1F}.Debug|ARM.Build.0 = Debug|Any CPU
		{AD3CF481-938D-4D77-BD0E-3EC8AD054F1F}.Debug|ARM.Deploy.0 = Debug|Any CPU
		{AD3CF481-938D-4D77-BD0E-3EC8AD054F1F}.Debug|iPhone.ActiveCfg = Debug|Any CPU
		{AD3CF481-938D-4D77-BD0E-3EC8AD054F1F}.Debug|iPhone.Build.0 = Debug|Any CPU
		{AD3CF481-938D-4D77-BD0E-3EC8AD054F1F}.Debug|iPhone.Deploy.0 = Debug|Any CPU
		{AD3CF481-938D-4D77-BD0E-3EC8AD054F1F}.Debug|iPhoneSimulator.ActiveCfg = Debug|Any CPU
		{AD3CF481-938D-4D77-BD0E-3EC8AD054F1F}.Debug|iPhoneSimulator.Build.0 = Debug|Any CPU
		{AD3CF481-938D-4D77-BD0E-3EC8AD054F1F}.Debug|iPhoneSimulator.Deploy.0 = Debug|Any CPU
		{AD3CF481-938D-4D77-BD0E-3EC8AD054F1F}.Debug|x64.ActiveCfg = Debug|Any CPU
		{AD3CF481-938D-4D77-BD0E-3EC8AD054F1F}.Debug|x64.Build.0 = Debug|Any CPU
		{AD3CF481-938D-4D77-BD0E-3EC8AD054F1F}.Debug|x64.Deploy.0 = Debug|Any CPU
		{AD3CF481-938D-4D77-BD0E-3EC8AD054F1F}.Debug|x86.ActiveCfg = Debug|Any CPU
		{AD3CF481-938D-4D77-BD0E-3EC8AD054F1F}.Debug|x86.Build.0 = Debug|Any CPU
		{AD3CF481-938D-4D77-BD0E-3EC8AD054F1F}.Debug|x86.Deploy.0 = Debug|Any CPU
		{AD3CF481-938D-4D77-BD0E-3EC8AD054F1F}.Release|Any CPU.ActiveCfg = Release|Any CPU
		{AD3CF481-938D-4D77-BD0E-3EC8AD054F1F}.Release|Any CPU.Build.0 = Release|Any CPU
		{AD3CF481-938D-4D77-BD0E-3EC8AD054F1F}.Release|Any CPU.Deploy.0 = Release|Any CPU
		{AD3CF481-938D-4D77-BD0E-3EC8AD054F1F}.Release|ARM.ActiveCfg = Release|Any CPU
		{AD3CF481-938D-4D77-BD0E-3EC8AD054F1F}.Release|ARM.Build.0 = Release|Any CPU
		{AD3CF481-938D-4D77-BD0E-3EC8AD054F1F}.Release|ARM.Deploy.0 = Release|Any CPU
		{AD3CF481-938D-4D77-BD0E-3EC8AD054F1F}.Release|iPhone.ActiveCfg = Release|Any CPU
		{AD3CF481-938D-4D77-BD0E-3EC8AD054F1F}.Release|iPhone.Build.0 = Release|Any CPU
		{AD3CF481-938D-4D77-BD0E-3EC8AD054F1F}.Release|iPhone.Deploy.0 = Release|Any CPU
		{AD3CF481-938D-4D77-BD0E-3EC8AD054F1F}.Release|iPhoneSimulator.ActiveCfg = Release|Any CPU
		{AD3CF481-938D-4D77-BD0E-3EC8AD054F1F}.Release|iPhoneSimulator.Build.0 = Release|Any CPU
		{AD3CF481-938D-4D77-BD0E-3EC8AD054F1F}.Release|iPhoneSimulator.Deploy.0 = Release|Any CPU
		{AD3CF481-938D-4D77-BD0E-3EC8AD054F1F}.Release|x64.ActiveCfg = Release|Any CPU
		{AD3CF481-938D-4D77-BD0E-3EC8AD054F1F}.Release|x64.Build.0 = Release|Any CPU
		{AD3CF481-938D-4D77-BD0E-3EC8AD054F1F}.Release|x64.Deploy.0 = Release|Any CPU
		{AD3CF481-938D-4D77-BD0E-3EC8AD054F1F}.Release|x86.ActiveCfg = Release|Any CPU
		{AD3CF481-938D-4D77-BD0E-3EC8AD054F1F}.Release|x86.Build.0 = Release|Any CPU
		{AD3CF481-938D-4D77-BD0E-3EC8AD054F1F}.Release|x86.Deploy.0 = Release|Any CPU
		{0FF6B270-5962-4F9F-A98F-9655120C1F1A}.Ad-Hoc|Any CPU.ActiveCfg = Ad-Hoc|iPhone
		{0FF6B270-5962-4F9F-A98F-9655120C1F1A}.Ad-Hoc|ARM.ActiveCfg = Ad-Hoc|iPhone
		{0FF6B270-5962-4F9F-A98F-9655120C1F1A}.Ad-Hoc|iPhone.ActiveCfg = Ad-Hoc|iPhone
		{0FF6B270-5962-4F9F-A98F-9655120C1F1A}.Ad-Hoc|iPhone.Build.0 = Ad-Hoc|iPhone
		{0FF6B270-5962-4F9F-A98F-9655120C1F1A}.Ad-Hoc|iPhoneSimulator.ActiveCfg = Ad-Hoc|iPhoneSimulator
		{0FF6B270-5962-4F9F-A98F-9655120C1F1A}.Ad-Hoc|iPhoneSimulator.Build.0 = Ad-Hoc|iPhoneSimulator
		{0FF6B270-5962-4F9F-A98F-9655120C1F1A}.Ad-Hoc|x64.ActiveCfg = Ad-Hoc|iPhone
		{0FF6B270-5962-4F9F-A98F-9655120C1F1A}.Ad-Hoc|x86.ActiveCfg = Ad-Hoc|iPhone
		{0FF6B270-5962-4F9F-A98F-9655120C1F1A}.AppStore|Any CPU.ActiveCfg = AppStore|iPhone
		{0FF6B270-5962-4F9F-A98F-9655120C1F1A}.AppStore|ARM.ActiveCfg = AppStore|iPhone
		{0FF6B270-5962-4F9F-A98F-9655120C1F1A}.AppStore|iPhone.ActiveCfg = AppStore|iPhone
		{0FF6B270-5962-4F9F-A98F-9655120C1F1A}.AppStore|iPhone.Build.0 = AppStore|iPhone
		{0FF6B270-5962-4F9F-A98F-9655120C1F1A}.AppStore|iPhoneSimulator.ActiveCfg = AppStore|iPhoneSimulator
		{0FF6B270-5962-4F9F-A98F-9655120C1F1A}.AppStore|iPhoneSimulator.Build.0 = AppStore|iPhoneSimulator
		{0FF6B270-5962-4F9F-A98F-9655120C1F1A}.AppStore|x64.ActiveCfg = AppStore|iPhone
		{0FF6B270-5962-4F9F-A98F-9655120C1F1A}.AppStore|x86.ActiveCfg = AppStore|iPhone
		{0FF6B270-5962-4F9F-A98F-9655120C1F1A}.Debug|Any CPU.ActiveCfg = Debug|iPhone
		{0FF6B270-5962-4F9F-A98F-9655120C1F1A}.Debug|ARM.ActiveCfg = Debug|iPhone
		{0FF6B270-5962-4F9F-A98F-9655120C1F1A}.Debug|iPhone.ActiveCfg = Debug|iPhone
		{0FF6B270-5962-4F9F-A98F-9655120C1F1A}.Debug|iPhone.Build.0 = Debug|iPhone
		{0FF6B270-5962-4F9F-A98F-9655120C1F1A}.Debug|iPhoneSimulator.ActiveCfg = Debug|iPhoneSimulator
		{0FF6B270-5962-4F9F-A98F-9655120C1F1A}.Debug|iPhoneSimulator.Build.0 = Debug|iPhoneSimulator
		{0FF6B270-5962-4F9F-A98F-9655120C1F1A}.Debug|x64.ActiveCfg = Debug|iPhone
		{0FF6B270-5962-4F9F-A98F-9655120C1F1A}.Debug|x86.ActiveCfg = Debug|iPhone
		{0FF6B270-5962-4F9F-A98F-9655120C1F1A}.Release|Any CPU.ActiveCfg = Release|iPhone
		{0FF6B270-5962-4F9F-A98F-9655120C1F1A}.Release|ARM.ActiveCfg = Release|iPhone
		{0FF6B270-5962-4F9F-A98F-9655120C1F1A}.Release|iPhone.ActiveCfg = Release|iPhone
		{0FF6B270-5962-4F9F-A98F-9655120C1F1A}.Release|iPhone.Build.0 = Release|iPhone
		{0FF6B270-5962-4F9F-A98F-9655120C1F1A}.Release|iPhoneSimulator.ActiveCfg = Release|iPhoneSimulator
		{0FF6B270-5962-4F9F-A98F-9655120C1F1A}.Release|iPhoneSimulator.Build.0 = Release|iPhoneSimulator
		{0FF6B270-5962-4F9F-A98F-9655120C1F1A}.Release|x64.ActiveCfg = Release|iPhone
		{0FF6B270-5962-4F9F-A98F-9655120C1F1A}.Release|x86.ActiveCfg = Release|iPhone
		{C259A6B6-F4A4-403C-8094-49F95FE4901A}.Ad-Hoc|Any CPU.ActiveCfg = Release|Any CPU
		{C259A6B6-F4A4-403C-8094-49F95FE4901A}.Ad-Hoc|Any CPU.Build.0 = Release|Any CPU
		{C259A6B6-F4A4-403C-8094-49F95FE4901A}.Ad-Hoc|Any CPU.Deploy.0 = Release|Any CPU
		{C259A6B6-F4A4-403C-8094-49F95FE4901A}.Ad-Hoc|ARM.ActiveCfg = Release|ARM
		{C259A6B6-F4A4-403C-8094-49F95FE4901A}.Ad-Hoc|ARM.Build.0 = Release|ARM
		{C259A6B6-F4A4-403C-8094-49F95FE4901A}.Ad-Hoc|ARM.Deploy.0 = Release|ARM
		{C259A6B6-F4A4-403C-8094-49F95FE4901A}.Ad-Hoc|iPhone.ActiveCfg = Release|Any CPU
		{C259A6B6-F4A4-403C-8094-49F95FE4901A}.Ad-Hoc|iPhone.Build.0 = Release|Any CPU
		{C259A6B6-F4A4-403C-8094-49F95FE4901A}.Ad-Hoc|iPhone.Deploy.0 = Release|Any CPU
		{C259A6B6-F4A4-403C-8094-49F95FE4901A}.Ad-Hoc|iPhoneSimulator.ActiveCfg = Release|Any CPU
		{C259A6B6-F4A4-403C-8094-49F95FE4901A}.Ad-Hoc|iPhoneSimulator.Build.0 = Release|Any CPU
		{C259A6B6-F4A4-403C-8094-49F95FE4901A}.Ad-Hoc|iPhoneSimulator.Deploy.0 = Release|Any CPU
		{C259A6B6-F4A4-403C-8094-49F95FE4901A}.Ad-Hoc|x64.ActiveCfg = Release|Any CPU
		{C259A6B6-F4A4-403C-8094-49F95FE4901A}.Ad-Hoc|x64.Build.0 = Release|Any CPU
		{C259A6B6-F4A4-403C-8094-49F95FE4901A}.Ad-Hoc|x64.Deploy.0 = Release|Any CPU
		{C259A6B6-F4A4-403C-8094-49F95FE4901A}.Ad-Hoc|x86.ActiveCfg = Release|x86
		{C259A6B6-F4A4-403C-8094-49F95FE4901A}.Ad-Hoc|x86.Build.0 = Release|x86
		{C259A6B6-F4A4-403C-8094-49F95FE4901A}.Ad-Hoc|x86.Deploy.0 = Release|x86
		{C259A6B6-F4A4-403C-8094-49F95FE4901A}.AppStore|Any CPU.ActiveCfg = Release|Any CPU
		{C259A6B6-F4A4-403C-8094-49F95FE4901A}.AppStore|Any CPU.Build.0 = Release|Any CPU
		{C259A6B6-F4A4-403C-8094-49F95FE4901A}.AppStore|Any CPU.Deploy.0 = Release|Any CPU
		{C259A6B6-F4A4-403C-8094-49F95FE4901A}.AppStore|ARM.ActiveCfg = Release|ARM
		{C259A6B6-F4A4-403C-8094-49F95FE4901A}.AppStore|ARM.Build.0 = Release|ARM
		{C259A6B6-F4A4-403C-8094-49F95FE4901A}.AppStore|ARM.Deploy.0 = Release|ARM
		{C259A6B6-F4A4-403C-8094-49F95FE4901A}.AppStore|iPhone.ActiveCfg = Release|Any CPU
		{C259A6B6-F4A4-403C-8094-49F95FE4901A}.AppStore|iPhone.Build.0 = Release|Any CPU
		{C259A6B6-F4A4-403C-8094-49F95FE4901A}.AppStore|iPhone.Deploy.0 = Release|Any CPU
		{C259A6B6-F4A4-403C-8094-49F95FE4901A}.AppStore|iPhoneSimulator.ActiveCfg = Release|Any CPU
		{C259A6B6-F4A4-403C-8094-49F95FE4901A}.AppStore|iPhoneSimulator.Build.0 = Release|Any CPU
		{C259A6B6-F4A4-403C-8094-49F95FE4901A}.AppStore|iPhoneSimulator.Deploy.0 = Release|Any CPU
		{C259A6B6-F4A4-403C-8094-49F95FE4901A}.AppStore|x64.ActiveCfg = Release|Any CPU
		{C259A6B6-F4A4-403C-8094-49F95FE4901A}.AppStore|x64.Build.0 = Release|Any CPU
		{C259A6B6-F4A4-403C-8094-49F95FE4901A}.AppStore|x64.Deploy.0 = Release|Any CPU
		{C259A6B6-F4A4-403C-8094-49F95FE4901A}.AppStore|x86.ActiveCfg = Release|x86
		{C259A6B6-F4A4-403C-8094-49F95FE4901A}.AppStore|x86.Build.0 = Release|x86
		{C259A6B6-F4A4-403C-8094-49F95FE4901A}.AppStore|x86.Deploy.0 = Release|x86
		{C259A6B6-F4A4-403C-8094-49F95FE4901A}.Debug|Any CPU.ActiveCfg = Debug|Any CPU
		{C259A6B6-F4A4-403C-8094-49F95FE4901A}.Debug|ARM.ActiveCfg = Debug|ARM
		{C259A6B6-F4A4-403C-8094-49F95FE4901A}.Debug|ARM.Build.0 = Debug|ARM
		{C259A6B6-F4A4-403C-8094-49F95FE4901A}.Debug|ARM.Deploy.0 = Debug|ARM
		{C259A6B6-F4A4-403C-8094-49F95FE4901A}.Debug|iPhone.ActiveCfg = Debug|Any CPU
		{C259A6B6-F4A4-403C-8094-49F95FE4901A}.Debug|iPhone.Build.0 = Debug|Any CPU
		{C259A6B6-F4A4-403C-8094-49F95FE4901A}.Debug|iPhone.Deploy.0 = Debug|Any CPU
		{C259A6B6-F4A4-403C-8094-49F95FE4901A}.Debug|iPhoneSimulator.ActiveCfg = Debug|Any CPU
		{C259A6B6-F4A4-403C-8094-49F95FE4901A}.Debug|iPhoneSimulator.Build.0 = Debug|Any CPU
		{C259A6B6-F4A4-403C-8094-49F95FE4901A}.Debug|iPhoneSimulator.Deploy.0 = Debug|Any CPU
		{C259A6B6-F4A4-403C-8094-49F95FE4901A}.Debug|x64.ActiveCfg = Debug|Any CPU
		{C259A6B6-F4A4-403C-8094-49F95FE4901A}.Debug|x64.Build.0 = Debug|Any CPU
		{C259A6B6-F4A4-403C-8094-49F95FE4901A}.Debug|x64.Deploy.0 = Debug|Any CPU
		{C259A6B6-F4A4-403C-8094-49F95FE4901A}.Debug|x86.ActiveCfg = Debug|x86
		{C259A6B6-F4A4-403C-8094-49F95FE4901A}.Debug|x86.Build.0 = Debug|x86
		{C259A6B6-F4A4-403C-8094-49F95FE4901A}.Debug|x86.Deploy.0 = Debug|x86
		{C259A6B6-F4A4-403C-8094-49F95FE4901A}.Release|Any CPU.ActiveCfg = Release|Any CPU
		{C259A6B6-F4A4-403C-8094-49F95FE4901A}.Release|Any CPU.Build.0 = Release|Any CPU
		{C259A6B6-F4A4-403C-8094-49F95FE4901A}.Release|Any CPU.Deploy.0 = Release|Any CPU
		{C259A6B6-F4A4-403C-8094-49F95FE4901A}.Release|ARM.ActiveCfg = Release|ARM
		{C259A6B6-F4A4-403C-8094-49F95FE4901A}.Release|ARM.Build.0 = Release|ARM
		{C259A6B6-F4A4-403C-8094-49F95FE4901A}.Release|ARM.Deploy.0 = Release|ARM
		{C259A6B6-F4A4-403C-8094-49F95FE4901A}.Release|iPhone.ActiveCfg = Release|Any CPU
		{C259A6B6-F4A4-403C-8094-49F95FE4901A}.Release|iPhone.Build.0 = Release|Any CPU
		{C259A6B6-F4A4-403C-8094-49F95FE4901A}.Release|iPhone.Deploy.0 = Release|Any CPU
		{C259A6B6-F4A4-403C-8094-49F95FE4901A}.Release|iPhoneSimulator.ActiveCfg = Release|Any CPU
		{C259A6B6-F4A4-403C-8094-49F95FE4901A}.Release|iPhoneSimulator.Build.0 = Release|Any CPU
		{C259A6B6-F4A4-403C-8094-49F95FE4901A}.Release|iPhoneSimulator.Deploy.0 = Release|Any CPU
		{C259A6B6-F4A4-403C-8094-49F95FE4901A}.Release|x64.ActiveCfg = Release|Any CPU
		{C259A6B6-F4A4-403C-8094-49F95FE4901A}.Release|x64.Build.0 = Release|Any CPU
		{C259A6B6-F4A4-403C-8094-49F95FE4901A}.Release|x64.Deploy.0 = Release|Any CPU
		{C259A6B6-F4A4-403C-8094-49F95FE4901A}.Release|x86.ActiveCfg = Release|x86
		{C259A6B6-F4A4-403C-8094-49F95FE4901A}.Release|x86.Build.0 = Release|x86
		{C259A6B6-F4A4-403C-8094-49F95FE4901A}.Release|x86.Deploy.0 = Release|x86
		{CC430361-9DB1-45D4-AF2D-7701ECEC4DA8}.Ad-Hoc|Any CPU.ActiveCfg = Release|x86
		{CC430361-9DB1-45D4-AF2D-7701ECEC4DA8}.Ad-Hoc|Any CPU.Build.0 = Release|x86
		{CC430361-9DB1-45D4-AF2D-7701ECEC4DA8}.Ad-Hoc|Any CPU.Deploy.0 = Release|x86
		{CC430361-9DB1-45D4-AF2D-7701ECEC4DA8}.Ad-Hoc|ARM.ActiveCfg = Release|ARM
		{CC430361-9DB1-45D4-AF2D-7701ECEC4DA8}.Ad-Hoc|ARM.Build.0 = Release|ARM
		{CC430361-9DB1-45D4-AF2D-7701ECEC4DA8}.Ad-Hoc|ARM.Deploy.0 = Release|ARM
		{CC430361-9DB1-45D4-AF2D-7701ECEC4DA8}.Ad-Hoc|iPhone.ActiveCfg = Release|x86
		{CC430361-9DB1-45D4-AF2D-7701ECEC4DA8}.Ad-Hoc|iPhone.Build.0 = Release|x86
		{CC430361-9DB1-45D4-AF2D-7701ECEC4DA8}.Ad-Hoc|iPhone.Deploy.0 = Release|x86
		{CC430361-9DB1-45D4-AF2D-7701ECEC4DA8}.Ad-Hoc|iPhoneSimulator.ActiveCfg = Release|x86
		{CC430361-9DB1-45D4-AF2D-7701ECEC4DA8}.Ad-Hoc|iPhoneSimulator.Build.0 = Release|x86
		{CC430361-9DB1-45D4-AF2D-7701ECEC4DA8}.Ad-Hoc|iPhoneSimulator.Deploy.0 = Release|x86
		{CC430361-9DB1-45D4-AF2D-7701ECEC4DA8}.Ad-Hoc|x64.ActiveCfg = Release|x64
		{CC430361-9DB1-45D4-AF2D-7701ECEC4DA8}.Ad-Hoc|x64.Build.0 = Release|x64
		{CC430361-9DB1-45D4-AF2D-7701ECEC4DA8}.Ad-Hoc|x64.Deploy.0 = Release|x64
		{CC430361-9DB1-45D4-AF2D-7701ECEC4DA8}.Ad-Hoc|x86.ActiveCfg = Release|x86
		{CC430361-9DB1-45D4-AF2D-7701ECEC4DA8}.Ad-Hoc|x86.Build.0 = Release|x86
		{CC430361-9DB1-45D4-AF2D-7701ECEC4DA8}.Ad-Hoc|x86.Deploy.0 = Release|x86
		{CC430361-9DB1-45D4-AF2D-7701ECEC4DA8}.AppStore|Any CPU.ActiveCfg = Release|x86
		{CC430361-9DB1-45D4-AF2D-7701ECEC4DA8}.AppStore|Any CPU.Build.0 = Release|x86
		{CC430361-9DB1-45D4-AF2D-7701ECEC4DA8}.AppStore|Any CPU.Deploy.0 = Release|x86
		{CC430361-9DB1-45D4-AF2D-7701ECEC4DA8}.AppStore|ARM.ActiveCfg = Release|ARM
		{CC430361-9DB1-45D4-AF2D-7701ECEC4DA8}.AppStore|ARM.Build.0 = Release|ARM
		{CC430361-9DB1-45D4-AF2D-7701ECEC4DA8}.AppStore|ARM.Deploy.0 = Release|ARM
		{CC430361-9DB1-45D4-AF2D-7701ECEC4DA8}.AppStore|iPhone.ActiveCfg = Release|x86
		{CC430361-9DB1-45D4-AF2D-7701ECEC4DA8}.AppStore|iPhone.Build.0 = Release|x86
		{CC430361-9DB1-45D4-AF2D-7701ECEC4DA8}.AppStore|iPhone.Deploy.0 = Release|x86
		{CC430361-9DB1-45D4-AF2D-7701ECEC4DA8}.AppStore|iPhoneSimulator.ActiveCfg = Release|x86
		{CC430361-9DB1-45D4-AF2D-7701ECEC4DA8}.AppStore|iPhoneSimulator.Build.0 = Release|x86
		{CC430361-9DB1-45D4-AF2D-7701ECEC4DA8}.AppStore|iPhoneSimulator.Deploy.0 = Release|x86
		{CC430361-9DB1-45D4-AF2D-7701ECEC4DA8}.AppStore|x64.ActiveCfg = Release|x64
		{CC430361-9DB1-45D4-AF2D-7701ECEC4DA8}.AppStore|x64.Build.0 = Release|x64
		{CC430361-9DB1-45D4-AF2D-7701ECEC4DA8}.AppStore|x64.Deploy.0 = Release|x64
		{CC430361-9DB1-45D4-AF2D-7701ECEC4DA8}.AppStore|x86.ActiveCfg = Release|x86
		{CC430361-9DB1-45D4-AF2D-7701ECEC4DA8}.AppStore|x86.Build.0 = Release|x86
		{CC430361-9DB1-45D4-AF2D-7701ECEC4DA8}.AppStore|x86.Deploy.0 = Release|x86
		{CC430361-9DB1-45D4-AF2D-7701ECEC4DA8}.Debug|Any CPU.ActiveCfg = Debug|x86
		{CC430361-9DB1-45D4-AF2D-7701ECEC4DA8}.Debug|ARM.ActiveCfg = Debug|ARM
		{CC430361-9DB1-45D4-AF2D-7701ECEC4DA8}.Debug|ARM.Build.0 = Debug|ARM
		{CC430361-9DB1-45D4-AF2D-7701ECEC4DA8}.Debug|ARM.Deploy.0 = Debug|ARM
		{CC430361-9DB1-45D4-AF2D-7701ECEC4DA8}.Debug|iPhone.ActiveCfg = Debug|x86
		{CC430361-9DB1-45D4-AF2D-7701ECEC4DA8}.Debug|iPhoneSimulator.ActiveCfg = Debug|x86
		{CC430361-9DB1-45D4-AF2D-7701ECEC4DA8}.Debug|x64.ActiveCfg = Debug|x64
		{CC430361-9DB1-45D4-AF2D-7701ECEC4DA8}.Debug|x64.Build.0 = Debug|x64
		{CC430361-9DB1-45D4-AF2D-7701ECEC4DA8}.Debug|x64.Deploy.0 = Debug|x64
		{CC430361-9DB1-45D4-AF2D-7701ECEC4DA8}.Debug|x86.ActiveCfg = Debug|x86
		{CC430361-9DB1-45D4-AF2D-7701ECEC4DA8}.Debug|x86.Build.0 = Debug|x86
		{CC430361-9DB1-45D4-AF2D-7701ECEC4DA8}.Debug|x86.Deploy.0 = Debug|x86
		{CC430361-9DB1-45D4-AF2D-7701ECEC4DA8}.Release|Any CPU.ActiveCfg = Release|x86
		{CC430361-9DB1-45D4-AF2D-7701ECEC4DA8}.Release|ARM.ActiveCfg = Release|ARM
		{CC430361-9DB1-45D4-AF2D-7701ECEC4DA8}.Release|ARM.Build.0 = Release|ARM
		{CC430361-9DB1-45D4-AF2D-7701ECEC4DA8}.Release|ARM.Deploy.0 = Release|ARM
		{CC430361-9DB1-45D4-AF2D-7701ECEC4DA8}.Release|iPhone.ActiveCfg = Release|x86
		{CC430361-9DB1-45D4-AF2D-7701ECEC4DA8}.Release|iPhoneSimulator.ActiveCfg = Release|x86
		{CC430361-9DB1-45D4-AF2D-7701ECEC4DA8}.Release|x64.ActiveCfg = Release|x64
		{CC430361-9DB1-45D4-AF2D-7701ECEC4DA8}.Release|x64.Build.0 = Release|x64
		{CC430361-9DB1-45D4-AF2D-7701ECEC4DA8}.Release|x64.Deploy.0 = Release|x64
		{CC430361-9DB1-45D4-AF2D-7701ECEC4DA8}.Release|x86.ActiveCfg = Release|x86
		{CC430361-9DB1-45D4-AF2D-7701ECEC4DA8}.Release|x86.Build.0 = Release|x86
		{CC430361-9DB1-45D4-AF2D-7701ECEC4DA8}.Release|x86.Deploy.0 = Release|x86
		{6527D8AE-9EF7-4FD9-8CBE-8A236F7A1D48}.Ad-Hoc|Any CPU.ActiveCfg = Release|Any CPU
		{6527D8AE-9EF7-4FD9-8CBE-8A236F7A1D48}.Ad-Hoc|Any CPU.Build.0 = Release|Any CPU
		{6527D8AE-9EF7-4FD9-8CBE-8A236F7A1D48}.Ad-Hoc|Any CPU.Deploy.0 = Release|Any CPU
		{6527D8AE-9EF7-4FD9-8CBE-8A236F7A1D48}.Ad-Hoc|ARM.ActiveCfg = Release|ARM
		{6527D8AE-9EF7-4FD9-8CBE-8A236F7A1D48}.Ad-Hoc|ARM.Build.0 = Release|ARM
		{6527D8AE-9EF7-4FD9-8CBE-8A236F7A1D48}.Ad-Hoc|ARM.Deploy.0 = Release|ARM
		{6527D8AE-9EF7-4FD9-8CBE-8A236F7A1D48}.Ad-Hoc|iPhone.ActiveCfg = Release|Any CPU
		{6527D8AE-9EF7-4FD9-8CBE-8A236F7A1D48}.Ad-Hoc|iPhone.Build.0 = Release|Any CPU
		{6527D8AE-9EF7-4FD9-8CBE-8A236F7A1D48}.Ad-Hoc|iPhone.Deploy.0 = Release|Any CPU
		{6527D8AE-9EF7-4FD9-8CBE-8A236F7A1D48}.Ad-Hoc|iPhoneSimulator.ActiveCfg = Release|Any CPU
		{6527D8AE-9EF7-4FD9-8CBE-8A236F7A1D48}.Ad-Hoc|iPhoneSimulator.Build.0 = Release|Any CPU
		{6527D8AE-9EF7-4FD9-8CBE-8A236F7A1D48}.Ad-Hoc|iPhoneSimulator.Deploy.0 = Release|Any CPU
		{6527D8AE-9EF7-4FD9-8CBE-8A236F7A1D48}.Ad-Hoc|x64.ActiveCfg = Release|x64
		{6527D8AE-9EF7-4FD9-8CBE-8A236F7A1D48}.Ad-Hoc|x64.Build.0 = Release|x64
		{6527D8AE-9EF7-4FD9-8CBE-8A236F7A1D48}.Ad-Hoc|x64.Deploy.0 = Release|x64
		{6527D8AE-9EF7-4FD9-8CBE-8A236F7A1D48}.Ad-Hoc|x86.ActiveCfg = Release|x86
		{6527D8AE-9EF7-4FD9-8CBE-8A236F7A1D48}.Ad-Hoc|x86.Build.0 = Release|x86
		{6527D8AE-9EF7-4FD9-8CBE-8A236F7A1D48}.Ad-Hoc|x86.Deploy.0 = Release|x86
		{6527D8AE-9EF7-4FD9-8CBE-8A236F7A1D48}.AppStore|Any CPU.ActiveCfg = Release|Any CPU
		{6527D8AE-9EF7-4FD9-8CBE-8A236F7A1D48}.AppStore|Any CPU.Build.0 = Release|Any CPU
		{6527D8AE-9EF7-4FD9-8CBE-8A236F7A1D48}.AppStore|Any CPU.Deploy.0 = Release|Any CPU
		{6527D8AE-9EF7-4FD9-8CBE-8A236F7A1D48}.AppStore|ARM.ActiveCfg = Release|ARM
		{6527D8AE-9EF7-4FD9-8CBE-8A236F7A1D48}.AppStore|ARM.Build.0 = Release|ARM
		{6527D8AE-9EF7-4FD9-8CBE-8A236F7A1D48}.AppStore|ARM.Deploy.0 = Release|ARM
		{6527D8AE-9EF7-4FD9-8CBE-8A236F7A1D48}.AppStore|iPhone.ActiveCfg = Release|Any CPU
		{6527D8AE-9EF7-4FD9-8CBE-8A236F7A1D48}.AppStore|iPhone.Build.0 = Release|Any CPU
		{6527D8AE-9EF7-4FD9-8CBE-8A236F7A1D48}.AppStore|iPhone.Deploy.0 = Release|Any CPU
		{6527D8AE-9EF7-4FD9-8CBE-8A236F7A1D48}.AppStore|iPhoneSimulator.ActiveCfg = Release|Any CPU
		{6527D8AE-9EF7-4FD9-8CBE-8A236F7A1D48}.AppStore|iPhoneSimulator.Build.0 = Release|Any CPU
		{6527D8AE-9EF7-4FD9-8CBE-8A236F7A1D48}.AppStore|iPhoneSimulator.Deploy.0 = Release|Any CPU
		{6527D8AE-9EF7-4FD9-8CBE-8A236F7A1D48}.AppStore|x64.ActiveCfg = Release|x64
		{6527D8AE-9EF7-4FD9-8CBE-8A236F7A1D48}.AppStore|x64.Build.0 = Release|x64
		{6527D8AE-9EF7-4FD9-8CBE-8A236F7A1D48}.AppStore|x64.Deploy.0 = Release|x64
		{6527D8AE-9EF7-4FD9-8CBE-8A236F7A1D48}.AppStore|x86.ActiveCfg = Release|x86
		{6527D8AE-9EF7-4FD9-8CBE-8A236F7A1D48}.AppStore|x86.Build.0 = Release|x86
		{6527D8AE-9EF7-4FD9-8CBE-8A236F7A1D48}.AppStore|x86.Deploy.0 = Release|x86
		{6527D8AE-9EF7-4FD9-8CBE-8A236F7A1D48}.Debug|Any CPU.ActiveCfg = Debug|Any CPU
		{6527D8AE-9EF7-4FD9-8CBE-8A236F7A1D48}.Debug|ARM.ActiveCfg = Debug|ARM
		{6527D8AE-9EF7-4FD9-8CBE-8A236F7A1D48}.Debug|ARM.Build.0 = Debug|ARM
		{6527D8AE-9EF7-4FD9-8CBE-8A236F7A1D48}.Debug|ARM.Deploy.0 = Debug|ARM
		{6527D8AE-9EF7-4FD9-8CBE-8A236F7A1D48}.Debug|iPhone.ActiveCfg = Debug|Any CPU
		{6527D8AE-9EF7-4FD9-8CBE-8A236F7A1D48}.Debug|iPhone.Build.0 = Debug|Any CPU
		{6527D8AE-9EF7-4FD9-8CBE-8A236F7A1D48}.Debug|iPhone.Deploy.0 = Debug|Any CPU
		{6527D8AE-9EF7-4FD9-8CBE-8A236F7A1D48}.Debug|iPhoneSimulator.ActiveCfg = Debug|Any CPU
		{6527D8AE-9EF7-4FD9-8CBE-8A236F7A1D48}.Debug|iPhoneSimulator.Build.0 = Debug|Any CPU
		{6527D8AE-9EF7-4FD9-8CBE-8A236F7A1D48}.Debug|iPhoneSimulator.Deploy.0 = Debug|Any CPU
		{6527D8AE-9EF7-4FD9-8CBE-8A236F7A1D48}.Debug|x64.ActiveCfg = Debug|x64
		{6527D8AE-9EF7-4FD9-8CBE-8A236F7A1D48}.Debug|x64.Build.0 = Debug|x64
		{6527D8AE-9EF7-4FD9-8CBE-8A236F7A1D48}.Debug|x64.Deploy.0 = Debug|x64
		{6527D8AE-9EF7-4FD9-8CBE-8A236F7A1D48}.Debug|x86.ActiveCfg = Debug|x86
		{6527D8AE-9EF7-4FD9-8CBE-8A236F7A1D48}.Debug|x86.Build.0 = Debug|x86
		{6527D8AE-9EF7-4FD9-8CBE-8A236F7A1D48}.Debug|x86.Deploy.0 = Debug|x86
		{6527D8AE-9EF7-4FD9-8CBE-8A236F7A1D48}.Release|Any CPU.ActiveCfg = Release|Any CPU
		{6527D8AE-9EF7-4FD9-8CBE-8A236F7A1D48}.Release|Any CPU.Build.0 = Release|Any CPU
		{6527D8AE-9EF7-4FD9-8CBE-8A236F7A1D48}.Release|Any CPU.Deploy.0 = Release|Any CPU
		{6527D8AE-9EF7-4FD9-8CBE-8A236F7A1D48}.Release|ARM.ActiveCfg = Release|ARM
		{6527D8AE-9EF7-4FD9-8CBE-8A236F7A1D48}.Release|ARM.Build.0 = Release|ARM
		{6527D8AE-9EF7-4FD9-8CBE-8A236F7A1D48}.Release|ARM.Deploy.0 = Release|ARM
		{6527D8AE-9EF7-4FD9-8CBE-8A236F7A1D48}.Release|iPhone.ActiveCfg = Release|Any CPU
		{6527D8AE-9EF7-4FD9-8CBE-8A236F7A1D48}.Release|iPhone.Build.0 = Release|Any CPU
		{6527D8AE-9EF7-4FD9-8CBE-8A236F7A1D48}.Release|iPhone.Deploy.0 = Release|Any CPU
		{6527D8AE-9EF7-4FD9-8CBE-8A236F7A1D48}.Release|iPhoneSimulator.ActiveCfg = Release|Any CPU
		{6527D8AE-9EF7-4FD9-8CBE-8A236F7A1D48}.Release|iPhoneSimulator.Build.0 = Release|Any CPU
		{6527D8AE-9EF7-4FD9-8CBE-8A236F7A1D48}.Release|iPhoneSimulator.Deploy.0 = Release|Any CPU
		{6527D8AE-9EF7-4FD9-8CBE-8A236F7A1D48}.Release|x64.ActiveCfg = Release|x64
		{6527D8AE-9EF7-4FD9-8CBE-8A236F7A1D48}.Release|x64.Build.0 = Release|x64
		{6527D8AE-9EF7-4FD9-8CBE-8A236F7A1D48}.Release|x64.Deploy.0 = Release|x64
		{6527D8AE-9EF7-4FD9-8CBE-8A236F7A1D48}.Release|x86.ActiveCfg = Release|x86
		{6527D8AE-9EF7-4FD9-8CBE-8A236F7A1D48}.Release|x86.Build.0 = Release|x86
		{6527D8AE-9EF7-4FD9-8CBE-8A236F7A1D48}.Release|x86.Deploy.0 = Release|x86
		{5DDDFB0D-A885-4D10-938E-9FEB823202DD}.Ad-Hoc|Any CPU.ActiveCfg = Release|Any CPU
		{5DDDFB0D-A885-4D10-938E-9FEB823202DD}.Ad-Hoc|Any CPU.Build.0 = Release|Any CPU
		{5DDDFB0D-A885-4D10-938E-9FEB823202DD}.Ad-Hoc|ARM.ActiveCfg = Release|Any CPU
		{5DDDFB0D-A885-4D10-938E-9FEB823202DD}.Ad-Hoc|ARM.Build.0 = Release|Any CPU
		{5DDDFB0D-A885-4D10-938E-9FEB823202DD}.Ad-Hoc|iPhone.ActiveCfg = Release|Any CPU
		{5DDDFB0D-A885-4D10-938E-9FEB823202DD}.Ad-Hoc|iPhone.Build.0 = Release|Any CPU
		{5DDDFB0D-A885-4D10-938E-9FEB823202DD}.Ad-Hoc|iPhoneSimulator.ActiveCfg = Release|Any CPU
		{5DDDFB0D-A885-4D10-938E-9FEB823202DD}.Ad-Hoc|iPhoneSimulator.Build.0 = Release|Any CPU
		{5DDDFB0D-A885-4D10-938E-9FEB823202DD}.Ad-Hoc|x64.ActiveCfg = Release|Any CPU
		{5DDDFB0D-A885-4D10-938E-9FEB823202DD}.Ad-Hoc|x64.Build.0 = Release|Any CPU
		{5DDDFB0D-A885-4D10-938E-9FEB823202DD}.Ad-Hoc|x86.ActiveCfg = Release|Any CPU
		{5DDDFB0D-A885-4D10-938E-9FEB823202DD}.Ad-Hoc|x86.Build.0 = Release|Any CPU
		{5DDDFB0D-A885-4D10-938E-9FEB823202DD}.AppStore|Any CPU.ActiveCfg = Release|Any CPU
		{5DDDFB0D-A885-4D10-938E-9FEB823202DD}.AppStore|Any CPU.Build.0 = Release|Any CPU
		{5DDDFB0D-A885-4D10-938E-9FEB823202DD}.AppStore|ARM.ActiveCfg = Release|Any CPU
		{5DDDFB0D-A885-4D10-938E-9FEB823202DD}.AppStore|ARM.Build.0 = Release|Any CPU
		{5DDDFB0D-A885-4D10-938E-9FEB823202DD}.AppStore|iPhone.ActiveCfg = Release|Any CPU
		{5DDDFB0D-A885-4D10-938E-9FEB823202DD}.AppStore|iPhone.Build.0 = Release|Any CPU
		{5DDDFB0D-A885-4D10-938E-9FEB823202DD}.AppStore|iPhoneSimulator.ActiveCfg = Release|Any CPU
		{5DDDFB0D-A885-4D10-938E-9FEB823202DD}.AppStore|iPhoneSimulator.Build.0 = Release|Any CPU
		{5DDDFB0D-A885-4D10-938E-9FEB823202DD}.AppStore|x64.ActiveCfg = Release|Any CPU
		{5DDDFB0D-A885-4D10-938E-9FEB823202DD}.AppStore|x64.Build.0 = Release|Any CPU
		{5DDDFB0D-A885-4D10-938E-9FEB823202DD}.AppStore|x86.ActiveCfg = Release|Any CPU
		{5DDDFB0D-A885-4D10-938E-9FEB823202DD}.AppStore|x86.Build.0 = Release|Any CPU
		{5DDDFB0D-A885-4D10-938E-9FEB823202DD}.Debug|Any CPU.ActiveCfg = Debug|Any CPU
		{5DDDFB0D-A885-4D10-938E-9FEB823202DD}.Debug|Any CPU.Build.0 = Debug|Any CPU
		{5DDDFB0D-A885-4D10-938E-9FEB823202DD}.Debug|ARM.ActiveCfg = Debug|Any CPU
		{5DDDFB0D-A885-4D10-938E-9FEB823202DD}.Debug|ARM.Build.0 = Debug|Any CPU
		{5DDDFB0D-A885-4D10-938E-9FEB823202DD}.Debug|iPhone.ActiveCfg = Debug|Any CPU
		{5DDDFB0D-A885-4D10-938E-9FEB823202DD}.Debug|iPhone.Build.0 = Debug|Any CPU
		{5DDDFB0D-A885-4D10-938E-9FEB823202DD}.Debug|iPhoneSimulator.ActiveCfg = Debug|Any CPU
		{5DDDFB0D-A885-4D10-938E-9FEB823202DD}.Debug|iPhoneSimulator.Build.0 = Debug|Any CPU
		{5DDDFB0D-A885-4D10-938E-9FEB823202DD}.Debug|x64.ActiveCfg = Debug|Any CPU
		{5DDDFB0D-A885-4D10-938E-9FEB823202DD}.Debug|x64.Build.0 = Debug|Any CPU
		{5DDDFB0D-A885-4D10-938E-9FEB823202DD}.Debug|x86.ActiveCfg = Debug|Any CPU
		{5DDDFB0D-A885-4D10-938E-9FEB823202DD}.Debug|x86.Build.0 = Debug|Any CPU
		{5DDDFB0D-A885-4D10-938E-9FEB823202DD}.Release|Any CPU.ActiveCfg = Release|Any CPU
		{5DDDFB0D-A885-4D10-938E-9FEB823202DD}.Release|Any CPU.Build.0 = Release|Any CPU
		{5DDDFB0D-A885-4D10-938E-9FEB823202DD}.Release|ARM.ActiveCfg = Release|Any CPU
		{5DDDFB0D-A885-4D10-938E-9FEB823202DD}.Release|ARM.Build.0 = Release|Any CPU
		{5DDDFB0D-A885-4D10-938E-9FEB823202DD}.Release|iPhone.ActiveCfg = Release|Any CPU
		{5DDDFB0D-A885-4D10-938E-9FEB823202DD}.Release|iPhone.Build.0 = Release|Any CPU
		{5DDDFB0D-A885-4D10-938E-9FEB823202DD}.Release|iPhoneSimulator.ActiveCfg = Release|Any CPU
		{5DDDFB0D-A885-4D10-938E-9FEB823202DD}.Release|iPhoneSimulator.Build.0 = Release|Any CPU
		{5DDDFB0D-A885-4D10-938E-9FEB823202DD}.Release|x64.ActiveCfg = Release|Any CPU
		{5DDDFB0D-A885-4D10-938E-9FEB823202DD}.Release|x64.Build.0 = Release|Any CPU
		{5DDDFB0D-A885-4D10-938E-9FEB823202DD}.Release|x86.ActiveCfg = Release|Any CPU
		{5DDDFB0D-A885-4D10-938E-9FEB823202DD}.Release|x86.Build.0 = Release|Any CPU
	EndGlobalSection
	GlobalSection(SolutionProperties) = preSolution
		HideSolutionNode = FALSE
	EndGlobalSection
EndGlobal
